
Microsoft Visual Studio Solution File, Format Version 12.00
# Visual Studio 2013
VisualStudioVersion = 12.0.30501.0
MinimumVisualStudioVersion = 10.0.40219.1
Project("{FAE04EC0-301F-11D3-BF4B-00C04F79EFBC}") = "Forum.ConsoleUI", "Forum.ConsoleUI\Forum.ConsoleUI.csproj", "{D6CC752C-FE8A-47DC-949C-0D12CCAE8047}"
EndProject
Project("{FAE04EC0-301F-11D3-BF4B-00C04F79EFBC}") = "Forum.DataLayer", "Forum.DataLayer\Forum.DataLayer.csproj", "{07A4FF68-569E-48D0-9EE5-A39784C0223C}"
EndProject
Project("{FAE04EC0-301F-11D3-BF4B-00C04F79EFBC}") = "Forum.Web", "Forum.Web\Forum.Web.csproj", "{A1BCA7EC-9360-47C1-A882-5C8561944517}"
EndProject
Global
	GlobalSection(TeamFoundationVersionControl) = preSolution
		SccNumberOfProjects = 4
		SccEnterpriseProvider = {4CA58AB2-18FA-4F8D-95D4-32DDF27D184C}
		SccTeamFoundationServer = https://jasenkoprzulj.visualstudio.com/defaultcollection
		SccLocalPath0 = .
		SccProjectUniqueName1 = Forum.ConsoleUI\\Forum.ConsoleUI.csproj
		SccProjectName1 = Forum.ConsoleUI
		SccLocalPath1 = Forum.ConsoleUI
		SccProjectUniqueName2 = Forum.DataLayer\\Forum.DataLayer.csproj
		SccProjectName2 = Forum.DataLayer
		SccLocalPath2 = Forum.DataLayer
		SccProjectUniqueName3 = Forum.Web\\Forum.Web.csproj
		SccProjectName3 = Forum.Web
		SccLocalPath3 = Forum.Web
	EndGlobalSection
	GlobalSection(SolutionConfigurationPlatforms) = preSolution
		Debug|Any CPU = Debug|Any CPU
		Release|Any CPU = Release|Any CPU
	EndGlobalSection
	GlobalSection(ProjectConfigurationPlatforms) = postSolution
		{D6CC752C-FE8A-47DC-949C-0D12CCAE8047}.Debug|Any CPU.ActiveCfg = Debug|Any CPU
		{D6CC752C-FE8A-47DC-949C-0D12CCAE8047}.Debug|Any CPU.Build.0 = Debug|Any CPU
		{D6CC752C-FE8A-47DC-949C-0D12CCAE8047}.Release|Any CPU.ActiveCfg = Release|Any CPU
		{D6CC752C-FE8A-47DC-949C-0D12CCAE8047}.Release|Any CPU.Build.0 = Release|Any CPU
		{07A4FF68-569E-48D0-9EE5-A39784C0223C}.Debug|Any CPU.ActiveCfg = Debug|Any CPU
		{07A4FF68-569E-48D0-9EE5-A39784C0223C}.Debug|Any CPU.Build.0 = Debug|Any CPU
		{07A4FF68-569E-48D0-9EE5-A39784C0223C}.Release|Any CPU.ActiveCfg = Release|Any CPU
		{07A4FF68-569E-48D0-9EE5-A39784C0223C}.Release|Any CPU.Build.0 = Release|Any CPU
		{A1BCA7EC-9360-47C1-A882-5C8561944517}.Debug|Any CPU.ActiveCfg = Debug|Any CPU
		{A1BCA7EC-9360-47C1-A882-5C8561944517}.Debug|Any CPU.Build.0 = Debug|Any CPU
		{A1BCA7EC-9360-47C1-A882-5C8561944517}.Release|Any CPU.ActiveCfg = Release|Any CPU
		{A1BCA7EC-9360-47C1-A882-5C8561944517}.Release|Any CPU.Build.0 = Release|Any CPU
	EndGlobalSection
	GlobalSection(SolutionProperties) = preSolution
		HideSolutionNode = FALSE
	EndGlobalSection
EndGlobal
